
Microsoft Visual Studio Solution File, Format Version 12.00
# Visual Studio Version 16
VisualStudioVersion = 16.0.30509.190
MinimumVisualStudioVersion = 10.0.40219.1
Project("{9A19103F-16F7-4668-BE54-9A1E7A4F7556}") = "PhotoSharingApplication.Web.MVC", "PhotoSharingApplication.Web.MVC\PhotoSharingApplication.Web.MVC.csproj", "{0F3761E7-5BBD-486F-AB1F-AE9B5533B294}"
EndProject
Project("{9A19103F-16F7-4668-BE54-9A1E7A4F7556}") = "PhotoSharingApplication.Web.RazorPages", "PhotoSharingApplication.Web.RazorPages\PhotoSharingApplication.Web.RazorPages.csproj", "{93F05ED2-9E4D-476B-BC12-F3E197EF7EE5}"
EndProject
Project("{FAE04EC0-301F-11D3-BF4B-00C04F79EFBC}") = "PhotoSharingApplication.Core", "PhotoSharingApplication.Core\PhotoSharingApplication.Core.csproj", "{2D9E079B-96EC-4512-A9C2-EEC8173EEC21}"
EndProject
Global
	GlobalSection(SolutionConfigurationPlatforms) = preSolution
		Debug|Any CPU = Debug|Any CPU
		Release|Any CPU = Release|Any CPU
	EndGlobalSection
	GlobalSection(ProjectConfigurationPlatforms) = postSolution
		{0F3761E7-5BBD-486F-AB1F-AE9B5533B294}.Debug|Any CPU.ActiveCfg = Debug|Any CPU
		{0F3761E7-5BBD-486F-AB1F-AE9B5533B294}.Debug|Any CPU.Build.0 = Debug|Any CPU
		{0F3761E7-5BBD-486F-AB1F-AE9B5533B294}.Release|Any CPU.ActiveCfg = Release|Any CPU
		{0F3761E7-5BBD-486F-AB1F-AE9B5533B294}.Release|Any CPU.Build.0 = Release|Any CPU
		{93F05ED2-9E4D-476B-BC12-F3E197EF7EE5}.Debug|Any CPU.ActiveCfg = Debug|Any CPU
		{93F05ED2-9E4D-476B-BC12-F3E197EF7EE5}.Debug|Any CPU.Build.0 = Debug|Any CPU
		{93F05ED2-9E4D-476B-BC12-F3E197EF7EE5}.Release|Any CPU.ActiveCfg = Release|Any CPU
		{93F05ED2-9E4D-476B-BC12-F3E197EF7EE5}.Release|Any CPU.Build.0 = Release|Any CPU
		{2D9E079B-96EC-4512-A9C2-EEC8173EEC21}.Debug|Any CPU.ActiveCfg = Debug|Any CPU
		{2D9E079B-96EC-4512-A9C2-EEC8173EEC21}.Debug|Any CPU.Build.0 = Debug|Any CPU
		{2D9E079B-96EC-4512-A9C2-EEC8173EEC21}.Release|Any CPU.ActiveCfg = Release|Any CPU
		{2D9E079B-96EC-4512-A9C2-EEC8173EEC21}.Release|Any CPU.Build.0 = Release|Any CPU
	EndGlobalSection
	GlobalSection(SolutionProperties) = preSolution
		HideSolutionNode = FALSE
	EndGlobalSection
	GlobalSection(ExtensibilityGlobals) = postSolution
		SolutionGuid = {1C951F58-3FD5-4816-9E97-F4C849D190AC}
	EndGlobalSection
EndGlobal
