
Microsoft Visual Studio Solution File, Format Version 12.00
# Visual Studio Version 16
VisualStudioVersion = 16.0.30509.190
MinimumVisualStudioVersion = 10.0.40219.1
Project("{9A19103F-16F7-4668-BE54-9A1E7A4F7556}") = "WebApplicationMvcCore", "WebApplicationMvcCore\WebApplicationMvcCore.csproj", "{AFBFAF32-0529-4D22-93DE-34FFAA6F14C2}"
EndProject
Project("{9A19103F-16F7-4668-BE54-9A1E7A4F7556}") = "WebApplicationRazorPages", "WebApplicationRazorPages\WebApplicationRazorPages.csproj", "{AFDFE6D3-E16D-4ADC-84E8-D7D03AE35FA2}"
EndProject
Project("{FAE04EC0-301F-11D3-BF4B-00C04F79EFBC}") = "WebApplicationCoreEmpty", "WebApplicationCoreEmpty\WebApplicationCoreEmpty.csproj", "{3EB9383B-3EDE-4F14-B1F0-AD9447526ADB}"
EndProject
Global
	GlobalSection(SolutionConfigurationPlatforms) = preSolution
		Debug|Any CPU = Debug|Any CPU
		Release|Any CPU = Release|Any CPU
	EndGlobalSection
	GlobalSection(ProjectConfigurationPlatforms) = postSolution
		{AFBFAF32-0529-4D22-93DE-34FFAA6F14C2}.Debug|Any CPU.ActiveCfg = Debug|Any CPU
		{AFBFAF32-0529-4D22-93DE-34FFAA6F14C2}.Debug|Any CPU.Build.0 = Debug|Any CPU
		{AFBFAF32-0529-4D22-93DE-34FFAA6F14C2}.Release|Any CPU.ActiveCfg = Release|Any CPU
		{AFBFAF32-0529-4D22-93DE-34FFAA6F14C2}.Release|Any CPU.Build.0 = Release|Any CPU
		{AFDFE6D3-E16D-4ADC-84E8-D7D03AE35FA2}.Debug|Any CPU.ActiveCfg = Debug|Any CPU
		{AFDFE6D3-E16D-4ADC-84E8-D7D03AE35FA2}.Debug|Any CPU.Build.0 = Debug|Any CPU
		{AFDFE6D3-E16D-4ADC-84E8-D7D03AE35FA2}.Release|Any CPU.ActiveCfg = Release|Any CPU
		{AFDFE6D3-E16D-4ADC-84E8-D7D03AE35FA2}.Release|Any CPU.Build.0 = Release|Any CPU
		{3EB9383B-3EDE-4F14-B1F0-AD9447526ADB}.Debug|Any CPU.ActiveCfg = Debug|Any CPU
		{3EB9383B-3EDE-4F14-B1F0-AD9447526ADB}.Debug|Any CPU.Build.0 = Debug|Any CPU
		{3EB9383B-3EDE-4F14-B1F0-AD9447526ADB}.Release|Any CPU.ActiveCfg = Release|Any CPU
		{3EB9383B-3EDE-4F14-B1F0-AD9447526ADB}.Release|Any CPU.Build.0 = Release|Any CPU
	EndGlobalSection
	GlobalSection(SolutionProperties) = preSolution
		HideSolutionNode = FALSE
	EndGlobalSection
	GlobalSection(ExtensibilityGlobals) = postSolution
		SolutionGuid = {3BD8E946-4C79-497D-9883-2283779E5FB3}
	EndGlobalSection
EndGlobal
